schema: '2.0'
stages:
  data_ingestion:
    cmd: python src/kidney_cnn_classifier/pipeline/stage_01_data_ingestion.py
    deps:
    - path: config/config.yaml
      hash: md5
      md5: 32396754266fee9e6d960a069a98d588
      size: 601
    - path: src/kidney_cnn_classifier/pipeline/stage_01_data_ingestion.py
      hash: md5
      md5: 872d85a7da9f751e7ae2fa8c2ad8386a
      size: 966
    outs:
    - path: artifacts/data_ingestion/kidney_ct_scan_image_normal_tumor
      hash: md5
      md5: cce809098a0c8f46c485ce1662286817.dir
      size: 962621300
      nfiles: 7361
  prepare_base_model:
    cmd: python src/kidney_cnn_classifier/pipeline/stage_02_prepare_base_model.py
    deps:
    - path: config/config.yaml
      hash: md5
      md5: 32396754266fee9e6d960a069a98d588
      size: 601
    - path: src/kidney_cnn_classifier/pipeline/stage_02_prepare_base_model.py
      hash: md5
      md5: 9a91e1bbb0822e28eb6df594b0464233
      size: 1037
    params:
      params.yaml:
        CLASSES: 2
        IMAGE_SIZE:
        - 224
        - 224
        - 3
        INCLUDE_TOP: false
        LEARNING_RATE: 0.01
        WEIGHTS: imagenet
    outs:
    - path: artifacts/prepare_base_model
      hash: md5
      md5: 7176c259e60f4d5e4f28273454fa7a1b.dir
      size: 118059248
      nfiles: 2
  training:
    cmd: python src/kidney_cnn_classifier/pipeline/stage_03_model_training.py
    deps:
    - path: artifacts/data_ingestion/kidney_ct_scan_image_normal_tumor
      hash: md5
      md5: cce809098a0c8f46c485ce1662286817.dir
      size: 962621300
      nfiles: 7361
    - path: artifacts/prepare_base_model
      hash: md5
      md5: 7176c259e60f4d5e4f28273454fa7a1b.dir
      size: 118059248
      nfiles: 2
    - path: config/config.yaml
      hash: md5
      md5: 32396754266fee9e6d960a069a98d588
      size: 601
    - path: src/kidney_cnn_classifier/pipeline/stage_03_model_training.py
      hash: md5
      md5: bc678d3e52c99514a863e8eaff618b43
      size: 1036
    params:
      params.yaml:
        AUGMENTATION: true
        BATCH_SIZE: 16
        EPOCHS: 1
        IMAGE_SIZE:
        - 224
        - 224
        - 3
    outs:
    - path: artifacts/training/model.h5
      hash: md5
      md5: 1f5b08d57bafcd8b75dc48394c06a7ed
      size: 59340720
  evaluation:
    cmd: python src/kidney_cnn_classifier/pipeline/stage_04_model_evaluation_with_mlflow.py
    deps:
    - path: artifacts/data_ingestion/kidney_ct_scan_image_normal_tumor
      hash: md5
      md5: cce809098a0c8f46c485ce1662286817.dir
      size: 962621300
      nfiles: 7361
    - path: artifacts/training/model.h5
      hash: md5
      md5: 1f5b08d57bafcd8b75dc48394c06a7ed
      size: 59340720
    - path: config/config.yaml
      hash: md5
      md5: 32396754266fee9e6d960a069a98d588
      size: 601
    - path: src/kidney_cnn_classifier/pipeline/stage_04_model_evaluation_with_mlflow.py
      hash: md5
      md5: 05de15302dbd7a5900681a1d142d9878
      size: 1006
    params:
      params.yaml:
        BATCH_SIZE: 16
        IMAGE_SIZE:
        - 224
        - 224
        - 3
    outs:
    - path: scores.json
      hash: md5
      md5: 4901379b874bc63dee69a84ed88786d4
      size: 70
  copy_model:
    cmd: copy artifacts\training\model.h5 model\model.h5
    deps:
    - path: artifacts/training/model.h5
      hash: md5
      md5: 1f5b08d57bafcd8b75dc48394c06a7ed
      size: 59340720
    outs:
    - path: model/model.h5
      hash: md5
      md5: 1f5b08d57bafcd8b75dc48394c06a7ed
      size: 59340720
